
Microsoft Visual Studio Solution File, Format Version 12.00
# Visual Studio 15
Project("{FAE04EC0-301F-11D3-BF4B-00C04F79EFBC}") = "Assembly-CSharp", "Assembly-CSharp.csproj", "{AF6508BC-D908-6895-936E-F41E2B494A88}"
EndProject
Project("{FAE04EC0-301F-11D3-BF4B-00C04F79EFBC}") = "GoogleMobileAds.Editor", "GoogleMobileAds.Editor.csproj", "{CBC4721C-D81B-EE33-A8E8-CDA309EBEE67}"
EndProject
Project("{FAE04EC0-301F-11D3-BF4B-00C04F79EFBC}") = "Assembly-CSharp-Editor", "Assembly-CSharp-Editor.csproj", "{06263058-D356-5683-8DCB-3B0E3E5FC988}"
EndProject
Global
	GlobalSection(SolutionConfigurationPlatforms) = preSolution
		Debug|Any CPU = Debug|Any CPU
		Release|Any CPU = Release|Any CPU
	EndGlobalSection
	GlobalSection(ProjectConfigurationPlatforms) = postSolution
		{AF6508BC-D908-6895-936E-F41E2B494A88}.Debug|Any CPU.ActiveCfg = Debug|Any CPU
		{AF6508BC-D908-6895-936E-F41E2B494A88}.Debug|Any CPU.Build.0 = Debug|Any CPU
		{AF6508BC-D908-6895-936E-F41E2B494A88}.Release|Any CPU.ActiveCfg = Release|Any CPU
		{AF6508BC-D908-6895-936E-F41E2B494A88}.Release|Any CPU.Build.0 = Release|Any CPU
		{CBC4721C-D81B-EE33-A8E8-CDA309EBEE67}.Debug|Any CPU.ActiveCfg = Debug|Any CPU
		{CBC4721C-D81B-EE33-A8E8-CDA309EBEE67}.Debug|Any CPU.Build.0 = Debug|Any CPU
		{CBC4721C-D81B-EE33-A8E8-CDA309EBEE67}.Release|Any CPU.ActiveCfg = Release|Any CPU
		{CBC4721C-D81B-EE33-A8E8-CDA309EBEE67}.Release|Any CPU.Build.0 = Release|Any CPU
		{06263058-D356-5683-8DCB-3B0E3E5FC988}.Debug|Any CPU.ActiveCfg = Debug|Any CPU
		{06263058-D356-5683-8DCB-3B0E3E5FC988}.Debug|Any CPU.Build.0 = Debug|Any CPU
		{06263058-D356-5683-8DCB-3B0E3E5FC988}.Release|Any CPU.ActiveCfg = Release|Any CPU
		{06263058-D356-5683-8DCB-3B0E3E5FC988}.Release|Any CPU.Build.0 = Release|Any CPU
	EndGlobalSection
	GlobalSection(SolutionProperties) = preSolution
		HideSolutionNode = FALSE
	EndGlobalSection
EndGlobal
