
Microsoft Visual Studio Solution File, Format Version 11.00
# Visual Studio 2010
Project("{FAE04EC0-301F-11D3-BF4B-00C04F79EFBC}") = "Assembly-CSharp", "Assembly-CSharp.csproj", "{AF6508BC-D908-6895-936E-F41E2B494A88}"
EndProject
Global
	GlobalSection(SolutionConfigurationPlatforms) = preSolution
		Debug|Any CPU = Debug|Any CPU
		Release|Any CPU = Release|Any CPU
	EndGlobalSection
	GlobalSection(ProjectConfigurationPlatforms) = postSolution
		{AF6508BC-D908-6895-936E-F41E2B494A88}.Debug|Any CPU.ActiveCfg = Debug|Any CPU
		{AF6508BC-D908-6895-936E-F41E2B494A88}.Debug|Any CPU.Build.0 = Debug|Any CPU
		{AF6508BC-D908-6895-936E-F41E2B494A88}.Release|Any CPU.ActiveCfg = Release|Any CPU
		{AF6508BC-D908-6895-936E-F41E2B494A88}.Release|Any CPU.Build.0 = Release|Any CPU
	EndGlobalSection
	GlobalSection(SolutionProperties) = preSolution
		HideSolutionNode = FALSE
	EndGlobalSection
EndGlobal
